// !$*UTF8*$!
{
	archiveVersion = 1;
	classes = {
	};
	objectVersion = 48;
	objects = {

/* Begin PBXBuildFile section */
		6B02ADE9207688A500791C81 /* AppDelegate.swift in Sources */ = {isa = PBXBuildFile; fileRef = 6B02ADE8207688A500791C81 /* AppDelegate.swift */; };
		6B02ADEB207688A500791C81 /* ViewController.swift in Sources */ = {isa = PBXBuildFile; fileRef = 6B02ADEA207688A500791C81 /* ViewController.swift */; };
		6B02ADEE207688A500791C81 /* Main.storyboard in Resources */ = {isa = PBXBuildFile; fileRef = 6B02ADEC207688A500791C81 /* Main.storyboard */; };
		6B02ADF1207688A500791C81 /* Demo_Project.xcdatamodeld in Sources */ = {isa = PBXBuildFile; fileRef = 6B02ADEF207688A500791C81 /* Demo_Project.xcdatamodeld */; };
		6B02ADF3207688A500791C81 /* Assets.xcassets in Resources */ = {isa = PBXBuildFile; fileRef = 6B02ADF2207688A500791C81 /* Assets.xcassets */; };
		6B02ADF6207688A500791C81 /* LaunchScreen.storyboard in Resources */ = {isa = PBXBuildFile; fileRef = 6B02ADF4207688A500791C81 /* LaunchScreen.storyboard */; };
		6B02AE01207688A600791C81 /* Demo_ProjectTests.swift in Sources */ = {isa = PBXBuildFile; fileRef = 6B02AE00207688A600791C81 /* Demo_ProjectTests.swift */; };
		6B02AE0C207688A600791C81 /* Demo_ProjectUITests.swift in Sources */ = {isa = PBXBuildFile; fileRef = 6B02AE0B207688A600791C81 /* Demo_ProjectUITests.swift */; };
/* End PBXBuildFile section */

/* Begin PBXContainerItemProxy section */
		6B02ADFD207688A500791C81 /* PBXContainerItemProxy */ = {
			isa = PBXContainerItemProxy;
			containerPortal = 6B02ADDD207688A500791C81 /* Project object */;
			proxyType = 1;
			remoteGlobalIDString = 6B02ADE4207688A500791C81;
			remoteInfo = "Demo Project";
		};
		6B02AE08207688A600791C81 /* PBXContainerItemProxy */ = {
			isa = PBXContainerItemProxy;
			containerPortal = 6B02ADDD207688A500791C81 /* Project object */;
			proxyType = 1;
			remoteGlobalIDString = 6B02ADE4207688A500791C81;
			remoteInfo = "Demo Project";
		};
/* End PBXContainerItemProxy section */

/* Begin PBXFileReference section */
		6B02ADE5207688A500791C81 /* Demo Project.app */ = {isa = PBXFileReference; explicitFileType = wrapper.application; includeInIndex = 0; path = "Demo Project.app"; sourceTree = BUILT_PRODUCTS_DIR; };
		6B02ADE8207688A500791C81 /* AppDelegate.swift */ = {isa = PBXFileReference; lastKnownFileType = sourcecode.swift; path = AppDelegate.swift; sourceTree = "<group>"; };
		6B02ADEA207688A500791C81 /* ViewController.swift */ = {isa = PBXFileReference; lastKnownFileType = sourcecode.swift; path = ViewController.swift; sourceTree = "<group>"; };
		6B02ADED207688A500791C81 /* Base */ = {isa = PBXFileReference; lastKnownFileType = file.storyboard; name = Base; path = Base.lproj/Main.storyboard; sourceTree = "<group>"; };
		6B02ADF0207688A500791C81 /* Demo_Project.xcdatamodel */ = {isa = PBXFileReference; lastKnownFileType = wrapper.xcdatamodel; path = Demo_Project.xcdatamodel; sourceTree = "<group>"; };
		6B02ADF2207688A500791C81 /* Assets.xcassets */ = {isa = PBXFileReference; lastKnownFileType = folder.assetcatalog; path = Assets.xcassets; sourceTree = "<group>"; };
		6B02ADF5207688A500791C81 /* Base */ = {isa = PBXFileReference; lastKnownFileType = file.storyboard; name = Base; path = Base.lproj/LaunchScreen.storyboard; sourceTree = "<group>"; };
		6B02ADF7207688A500791C81 /* Info.plist */ = {isa = PBXFileReference; lastKnownFileType = text.plist.xml; path = Info.plist; sourceTree = "<group>"; };
		6B02ADFC207688A500791C81 /* Demo ProjectTests.xctest */ = {isa = PBXFileReference; explicitFileType = wrapper.cfbundle; includeInIndex = 0; path = "Demo ProjectTests.xctest"; sourceTree = BUILT_PRODUCTS_DIR; };
		6B02AE00207688A600791C81 /* Demo_ProjectTests.swift */ = {isa = PBXFileReference; lastKnownFileType = sourcecode.swift; path = Demo_ProjectTests.swift; sourceTree = "<group>"; };
		6B02AE02207688A600791C81 /* Info.plist */ = {isa = PBXFileReference; lastKnownFileType = text.plist.xml; path = Info.plist; sourceTree = "<group>"; };
		6B02AE07207688A600791C81 /* Demo ProjectUITests.xctest */ = {isa = PBXFileReference; explicitFileType = wrapper.cfbundle; includeInIndex = 0; path = "Demo ProjectUITests.xctest"; sourceTree = BUILT_PRODUCTS_DIR; };
		6B02AE0B207688A600791C81 /* Demo_ProjectUITests.swift */ = {isa = PBXFileReference; lastKnownFileType = sourcecode.swift; path = Demo_ProjectUITests.swift; sourceTree = "<group>"; };
		6B02AE0D207688A600791C81 /* Info.plist */ = {isa = PBXFileReference; lastKnownFileType = text.plist.xml; path = Info.plist; sourceTree = "<group>"; };
/* End PBXFileReference section */

/* Begin PBXFrameworksBuildPhase section */
		6B02ADE2207688A500791C81 /* Frameworks */ = {
			isa = PBXFrameworksBuildPhase;
			buildActionMask = 2147483647;
			files = (
			);
			runOnlyForDeploymentPostprocessing = 0;
		};
		6B02ADF9207688A500791C81 /* Frameworks */ = {
			isa = PBXFrameworksBuildPhase;
			buildActionMask = 2147483647;
			files = (
			);
			runOnlyForDeploymentPostprocessing = 0;
		};
		6B02AE04207688A600791C81 /* Frameworks */ = {
			isa = PBXFrameworksBuildPhase;
			buildActionMask = 2147483647;
			files = (
			);
			runOnlyForDeploymentPostprocessing = 0;
		};
/* End PBXFrameworksBuildPhase section */

/* Begin PBXGroup section */
		6B02ADDC207688A500791C81 = {
			isa = PBXGroup;
			children = (
				6B02ADE7207688A500791C81 /* Demo Project */,
				6B02ADFF207688A600791C81 /* Demo ProjectTests */,
				6B02AE0A207688A600791C81 /* Demo ProjectUITests */,
				6B02ADE6207688A500791C81 /* Products */,
			);
			sourceTree = "<group>";
		};
		6B02ADE6207688A500791C81 /* Products */ = {
			isa = PBXGroup;
			children = (
				6B02ADE5207688A500791C81 /* Demo Project.app */,
				6B02ADFC207688A500791C81 /* Demo ProjectTests.xctest */,
				6B02AE07207688A600791C81 /* Demo ProjectUITests.xctest */,
			);
			name = Products;
			sourceTree = "<group>";
		};
		6B02ADE7207688A500791C81 /* Demo Project */ = {
			isa = PBXGroup;
			children = (
				6B02ADE8207688A500791C81 /* AppDelegate.swift */,
				6B02ADEA207688A500791C81 /* ViewController.swift */,
				6B02ADEC207688A500791C81 /* Main.storyboard */,
				6B02ADF2207688A500791C81 /* Assets.xcassets */,
				6B02ADF4207688A500791C81 /* LaunchScreen.storyboard */,
				6B02ADF7207688A500791C81 /* Info.plist */,
				6B02ADEF207688A500791C81 /* Demo_Project.xcdatamodeld */,
			);
			path = "Demo Project";
			sourceTree = "<group>";
		};
		6B02ADFF207688A600791C81 /* Demo ProjectTests */ = {
			isa = PBXGroup;
			children = (
				6B02AE00207688A600791C81 /* Demo_ProjectTests.swift */,
				6B02AE02207688A600791C81 /* Info.plist */,
			);
			path = "Demo ProjectTests";
			sourceTree = "<group>";
		};
		6B02AE0A207688A600791C81 /* Demo ProjectUITests */ = {
			isa = PBXGroup;
			children = (
				6B02AE0B207688A600791C81 /* Demo_ProjectUITests.swift */,
				6B02AE0D207688A600791C81 /* Info.plist */,
			);
			path = "Demo ProjectUITests";
			sourceTree = "<group>";
		};
/* End PBXGroup section */

/* Begin PBXNativeTarget section */
		6B02ADE4207688A500791C81 /* Demo Project */ = {
			isa = PBXNativeTarget;
			buildConfigurationList = 6B02AE10207688A600791C81 /* Build configuration list for PBXNativeTarget "Demo Project" */;
			buildPhases = (
				6B02ADE1207688A500791C81 /* Sources */,
				6B02ADE2207688A500791C81 /* Frameworks */,
				6B02ADE3207688A500791C81 /* Resources */,
			);
			buildRules = (
			);
			dependencies = (
			);
			name = "Demo Project";
			productName = "Demo Project";
			productReference = 6B02ADE5207688A500791C81 /* Demo Project.app */;
			productType = "com.apple.product-type.application";
		};
		6B02ADFB207688A500791C81 /* Demo ProjectTests */ = {
			isa = PBXNativeTarget;
			buildConfigurationList = 6B02AE13207688A600791C81 /* Build configuration list for PBXNativeTarget "Demo ProjectTests" */;
			buildPhases = (
				6B02ADF8207688A500791C81 /* Sources */,
				6B02ADF9207688A500791C81 /* Frameworks */,
				6B02ADFA207688A500791C81 /* Resources */,
			);
			buildRules = (
			);
			dependencies = (
				6B02ADFE207688A500791C81 /* PBXTargetDependency */,
			);
			name = "Demo ProjectTests";
			productName = "Demo ProjectTests";
			productReference = 6B02ADFC207688A500791C81 /* Demo ProjectTests.xctest */;
			productType = "com.apple.product-type.bundle.unit-test";
		};
		6B02AE06207688A600791C81 /* Demo ProjectUITests */ = {
			isa = PBXNativeTarget;
			buildConfigurationList = 6B02AE16207688A600791C81 /* Build configuration list for PBXNativeTarget "Demo ProjectUITests" */;
			buildPhases = (
				6B02AE03207688A600791C81 /* Sources */,
				6B02AE04207688A600791C81 /* Frameworks */,
				6B02AE05207688A600791C81 /* Resources */,
			);
			buildRules = (
			);
			dependencies = (
				6B02AE09207688A600791C81 /* PBXTargetDependency */,
			);
			name = "Demo ProjectUITests";
			productName = "Demo ProjectUITests";
			productReference = 6B02AE07207688A600791C81 /* Demo ProjectUITests.xctest */;
			productType = "com.apple.product-type.bundle.ui-testing";
		};
/* End PBXNativeTarget section */

/* Begin PBXProject section */
		6B02ADDD207688A500791C81 /* Project object */ = {
			isa = PBXProject;
			attributes = {
				LastSwiftUpdateCheck = 0920;
				LastUpgradeCheck = 0920;
				ORGANIZATIONNAME = Orange;
				TargetAttributes = {
					6B02ADE4207688A500791C81 = {
						CreatedOnToolsVersion = 9.2;
						ProvisioningStyle = Automatic;
					};
					6B02ADFB207688A500791C81 = {
						CreatedOnToolsVersion = 9.2;
						ProvisioningStyle = Automatic;
						TestTargetID = 6B02ADE4207688A500791C81;
					};
					6B02AE06207688A600791C81 = {
						CreatedOnToolsVersion = 9.2;
						ProvisioningStyle = Automatic;
						TestTargetID = 6B02ADE4207688A500791C81;
					};
				};
			};
			buildConfigurationList = 6B02ADE0207688A500791C81 /* Build configuration list for PBXProject "Demo Project" */;
			compatibilityVersion = "Xcode 8.0";
			developmentRegion = en;
			hasScannedForEncodings = 0;
			knownRegions = (
				en,
				Base,
			);
			mainGroup = 6B02ADDC207688A500791C81;
			productRefGroup = 6B02ADE6207688A500791C81 /* Products */;
			projectDirPath = "";
			projectRoot = "";
			targets = (
				6B02ADE4207688A500791C81 /* Demo Project */,
				6B02ADFB207688A500791C81 /* Demo ProjectTests */,
				6B02AE06207688A600791C81 /* Demo ProjectUITests */,
			);
		};
/* End PBXProject section */

/* Begin PBXResourcesBuildPhase section */
		6B02ADE3207688A500791C81 /* Resources */ = {
			isa = PBXResourcesBuildPhase;
			buildActionMask = 2147483647;
			files = (
				6B02ADF6207688A500791C81 /* LaunchScreen.storyboard in Resources */,
				6B02ADF3207688A500791C81 /* Assets.xcassets in Resources */,
				6B02ADEE207688A500791C81 /* Main.storyboard in Resources */,
			);
			runOnlyForDeploymentPostprocessing = 0;
		};
		6B02ADFA207688A500791C81 /* Resources */ = {
			isa = PBXResourcesBuildPhase;
			buildActionMask = 2147483647;
			files = (
			);
			runOnlyForDeploymentPostprocessing = 0;
		};
		6B02AE05207688A600791C81 /* Resources */ = {
			isa = PBXResourcesBuildPhase;
			buildActionMask = 2147483647;
			files = (
			);
			runOnlyForDeploymentPostprocessing = 0;
		};
/* End PBXResourcesBuildPhase section */

/* Begin PBXSourcesBuildPhase section */
		6B02ADE1207688A500791C81 /* Sources */ = {
			isa = PBXSourcesBuildPhase;
			buildActionMask = 2147483647;
			files = (
				6B02ADF1207688A500791C81 /* Demo_Project.xcdatamodeld in Sources */,
				6B02ADEB207688A500791C81 /* ViewController.swift in Sources */,
				6B02ADE9207688A500791C81 /* AppDelegate.swift in Sources */,
			);
			runOnlyForDeploymentPostprocessing = 0;
		};
		6B02ADF8207688A500791C81 /* Sources */ = {
			isa = PBXSourcesBuildPhase;
			buildActionMask = 2147483647;
			files = (
				6B02AE01207688A600791C81 /* Demo_ProjectTests.swift in Sources */,
			);
			runOnlyForDeploymentPostprocessing = 0;
		};
		6B02AE03207688A600791C81 /* Sources */ = {
			isa = PBXSourcesBuildPhase;
			buildActionMask = 2147483647;
			files = (
				6B02AE0C207688A600791C81 /* Demo_ProjectUITests.swift in Sources */,
			);
			runOnlyForDeploymentPostprocessing = 0;
		};
/* End PBXSourcesBuildPhase section */

/* Begin PBXTargetDependency section */
		6B02ADFE207688A500791C81 /* PBXTargetDependency */ = {
			isa = PBXTargetDependency;
			target = 6B02ADE4207688A500791C81 /* Demo Project */;
			targetProxy = 6B02ADFD207688A500791C81 /* PBXContainerItemProxy */;
		};
		6B02AE09207688A600791C81 /* PBXTargetDependency */ = {
			isa = PBXTargetDependency;
			target = 6B02ADE4207688A500791C81 /* Demo Project */;
			targetProxy = 6B02AE08207688A600791C81 /* PBXContainerItemProxy */;
		};
/* End PBXTargetDependency section */

/* Begin PBXVariantGroup section */
		6B02ADEC207688A500791C81 /* Main.storyboard */ = {
			isa = PBXVariantGroup;
			children = (
				6B02ADED207688A500791C81 /* Base */,
			);
			name = Main.storyboard;
			sourceTree = "<group>";
		};
		6B02ADF4207688A500791C81 /* LaunchScreen.storyboard */ = {
			isa = PBXVariantGroup;
			children = (
				6B02ADF5207688A500791C81 /* Base */,
			);
			name = LaunchScreen.storyboard;
			sourceTree = "<group>";
		};
/* End PBXVariantGroup section */

/* Begin XCBuildConfiguration section */
		6B02AE0E207688A600791C81 /* Debug */ = {
			isa = XCBuildConfiguration;
			buildSettings = {
				ALWAYS_SEARCH_USER_PATHS = NO;
				CLANG_ANALYZER_NONNULL = YES;
				CLANG_ANALYZER_NUMBER_OBJECT_CONVERSION = YES_AGGRESSIVE;
				CLANG_CXX_LANGUAGE_STANDARD = "gnu++14";
				CLANG_CXX_LIBRARY = "libc++";
				CLANG_ENABLE_MODULES = YES;
				CLANG_ENABLE_OBJC_ARC = YES;
				CLANG_WARN_BLOCK_CAPTURE_AUTORELEASING = YES;
				CLANG_WARN_BOOL_CONVERSION = YES;
				CLANG_WARN_COMMA = YES;
				CLANG_WARN_CONSTANT_CONVERSION = YES;
				CLANG_WARN_DIRECT_OBJC_ISA_USAGE = YES_ERROR;
				CLANG_WARN_DOCUMENTATION_COMMENTS = YES;
				CLANG_WARN_EMPTY_BODY = YES;
				CLANG_WARN_ENUM_CONVERSION = YES;
				CLANG_WARN_INFINITE_RECURSION = YES;
				CLANG_WARN_INT_CONVERSION = YES;
				CLANG_WARN_NON_LITERAL_NULL_CONVERSION = YES;
				CLANG_WARN_OBJC_LITERAL_CONVERSION = YES;
				CLANG_WARN_OBJC_ROOT_CLASS = YES_ERROR;
				CLANG_WARN_RANGE_LOOP_ANALYSIS = YES;
				CLANG_WARN_STRICT_PROTOTYPES = YES;
				CLANG_WARN_SUSPICIOUS_MOVE = YES;
				CLANG_WARN_UNGUARDED_AVAILABILITY = YES_AGGRESSIVE;
				CLANG_WARN_UNREACHABLE_CODE = YES;
				CLANG_WARN__DUPLICATE_METHOD_MATCH = YES;
				CODE_SIGN_IDENTITY = "iPhone Developer";
				COPY_PHASE_STRIP = NO;
				DEBUG_INFORMATION_FORMAT = dwarf;
				ENABLE_STRICT_OBJC_MSGSEND = YES;
				ENABLE_TESTABILITY = YES;
				GCC_C_LANGUAGE_STANDARD = gnu11;
				GCC_DYNAMIC_NO_PIC = NO;
				GCC_NO_COMMON_BLOCKS = YES;
				GCC_OPTIMIZATION_LEVEL = 0;
				GCC_PREPROCESSOR_DEFINITIONS = (
					"DEBUG=1",
					"$(inherited)",
				);
				GCC_WARN_64_TO_32_BIT_CONVERSION = YES;
				GCC_WARN_ABOUT_RETURN_TYPE = YES_ERROR;
				GCC_WARN_UNDECLARED_SELECTOR = YES;
				GCC_WARN_UNINITIALIZED_AUTOS = YES_AGGRESSIVE;
				GCC_WARN_UNUSED_FUNCTION = YES;
				GCC_WARN_UNUSED_VARIABLE = YES;
				IPHONEOS_DEPLOYMENT_TARGET = 11.2;
				MTL_ENABLE_DEBUG_INFO = YES;
				ONLY_ACTIVE_ARCH = YES;
				SDKROOT = iphoneos;
				SWIFT_ACTIVE_COMPILATION_CONDITIONS = DEBUG;
				SWIFT_OPTIMIZATION_LEVEL = "-Onone";
			};
			name = Debug;
		};
		6B02AE0F207688A600791C81 /* Release */ = {
			isa = XCBuildConfiguration;
			buildSettings = {
				ALWAYS_SEARCH_USER_PATHS = NO;
				CLANG_ANALYZER_NONNULL = YES;
				CLANG_ANALYZER_NUMBER_OBJECT_CONVERSION = YES_AGGRESSIVE;
				CLANG_CXX_LANGUAGE_STANDARD = "gnu++14";
				CLANG_CXX_LIBRARY = "libc++";
				CLANG_ENABLE_MODULES = YES;
				CLANG_ENABLE_OBJC_ARC = YES;
				CLANG_WARN_BLOCK_CAPTURE_AUTORELEASING = YES;
				CLANG_WARN_BOOL_CONVERSION = YES;
				CLANG_WARN_COMMA = YES;
				CLANG_WARN_CONSTANT_CONVERSION = YES;
				CLANG_WARN_DIRECT_OBJC_ISA_USAGE = YES_ERROR;
				CLANG_WARN_DOCUMENTATION_COMMENTS = YES;
				CLANG_WARN_EMPTY_BODY = YES;
				CLANG_WARN_ENUM_CONVERSION = YES;
				CLANG_WARN_INFINITE_RECURSION = YES;
				CLANG_WARN_INT_CONVERSION = YES;
				CLANG_WARN_NON_LITERAL_NULL_CONVERSION = YES;
				CLANG_WARN_OBJC_LITERAL_CONVERSION = YES;
				CLANG_WARN_OBJC_ROOT_CLASS = YES_ERROR;
				CLANG_WARN_RANGE_LOOP_ANALYSIS = YES;
				CLANG_WARN_STRICT_PROTOTYPES = YES;
				CLANG_WARN_SUSPICIOUS_MOVE = YES;
				CLANG_WARN_UNGUARDED_AVAILABILITY = YES_AGGRESSIVE;
				CLANG_WARN_UNREACHABLE_CODE = YES;
				CLANG_WARN__DUPLICATE_METHOD_MATCH = YES;
				CODE_SIGN_IDENTITY = "iPhone Developer";
				COPY_PHASE_STRIP = NO;
				DEBUG_INFORMATION_FORMAT = "dwarf-with-dsym";
				ENABLE_NS_ASSERTIONS = NO;
				ENABLE_STRICT_OBJC_MSGSEND = YES;
				GCC_C_LANGUAGE_STANDARD = gnu11;
				GCC_NO_COMMON_BLOCKS = YES;
				GCC_WARN_64_TO_32_BIT_CONVERSION = YES;
				GCC_WARN_ABOUT_RETURN_TYPE = YES_ERROR;
				GCC_WARN_UNDECLARED_SELECTOR = YES;
				GCC_WARN_UNINITIALIZED_AUTOS = YES_AGGRESSIVE;
				GCC_WARN_UNUSED_FUNCTION = YES;
				GCC_WARN_UNUSED_VARIABLE = YES;
				IPHONEOS_DEPLOYMENT_TARGET = 11.2;
				MTL_ENABLE_DEBUG_INFO = NO;
				SDKROOT = iphoneos;
				SWIFT_OPTIMIZATION_LEVEL = "-Owholemodule";
				VALIDATE_PRODUCT = YES;
			};
			name = Release;
		};
		6B02AE11207688A600791C81 /* Debug */ = {
			isa = XCBuildConfiguration;
			buildSettings = {
				ASSETCATALOG_COMPILER_APPICON_NAME = AppIcon;
				CODE_SIGN_STYLE = Automatic;
				DEVELOPMENT_TEAM = SYR8XBG5Y8;
				INFOPLIST_FILE = "Demo Project/Info.plist";
				LD_RUNPATH_SEARCH_PATHS = "$(inherited) @executable_path/Frameworks";
				PRODUCT_BUNDLE_IDENTIFIER = "com.sai.Demo-Project";
				PRODUCT_NAME = "$(TARGET_NAME)";
				SWIFT_VERSION = 4.0;
				TARGETED_DEVICE_FAMILY = "1,2";
			};
			name = Debug;
		};
		6B02AE12207688A600791C81 /* Release */ = {
			isa = XCBuildConfiguration;
			buildSettings = {
				ASSETCATALOG_COMPILER_APPICON_NAME = AppIcon;
				CODE_SIGN_STYLE = Automatic;
				DEVELOPMENT_TEAM = SYR8XBG5Y8;
				INFOPLIST_FILE = "Demo Project/Info.plist";
				LD_RUNPATH_SEARCH_PATHS = "$(inherited) @executable_path/Frameworks";
				PRODUCT_BUNDLE_IDENTIFIER = "com.sai.Demo-Project";
				PRODUCT_NAME = "$(TARGET_NAME)";
				SWIFT_VERSION = 4.0;
				TARGETED_DEVICE_FAMILY = "1,2";
			};
			name = Release;
		};
		6B02AE14207688A600791C81 /* Debug */ = {
			isa = XCBuildConfiguration;
			buildSettings = {
				ALWAYS_EMBED_SWIFT_STANDARD_LIBRARIES = YES;
				BUNDLE_LOADER = "$(TEST_HOST)";
				CODE_SIGN_STYLE = Automatic;
				DEVELOPMENT_TEAM = SYR8XBG5Y8;
				INFOPLIST_FILE = "Demo ProjectTests/Info.plist";
				LD_RUNPATH_SEARCH_PATHS = "$(inherited) @executable_path/Frameworks @loader_path/Frameworks";
				PRODUCT_BUNDLE_IDENTIFIER = "com.sai.Demo-ProjectTests";
				PRODUCT_NAME = "$(TARGET_NAME)";
				SWIFT_VERSION = 4.0;
				TARGETED_DEVICE_FAMILY = "1,2";
				TEST_HOST = "$(BUILT_PRODUCTS_DIR)/Demo Project.app/Demo Project";
			};
			name = Debug;
		};
		6B02AE15207688A600791C81 /* Release */ = {
			isa = XCBuildConfiguration;
			buildSettings = {
				ALWAYS_EMBED_SWIFT_STANDARD_LIBRARIES = YES;
				BUNDLE_LOADER = "$(TEST_HOST)";
				CODE_SIGN_STYLE = Automatic;
				DEVELOPMENT_TEAM = SYR8XBG5Y8;
				INFOPLIST_FILE = "Demo ProjectTests/Info.plist";
				LD_RUNPATH_SEARCH_PATHS = "$(inherited) @executable_path/Frameworks @loader_path/Frameworks";
				PRODUCT_BUNDLE_IDENTIFIER = "com.sai.Demo-ProjectTests";
				PRODUCT_NAME = "$(TARGET_NAME)";
				SWIFT_VERSION = 4.0;
				TARGETED_DEVICE_FAMILY = "1,2";
				TEST_HOST = "$(BUILT_PRODUCTS_DIR)/Demo Project.app/Demo Project";
			};
			name = Release;
		};
		6B02AE17207688A600791C81 /* Debug */ = {
			isa = XCBuildConfiguration;
			buildSettings = {
				ALWAYS_EMBED_SWIFT_STANDARD_LIBRARIES = YES;
				CODE_SIGN_STYLE = Automatic;
				DEVELOPMENT_TEAM = SYR8XBG5Y8;
				INFOPLIST_FILE = "Demo ProjectUITests/Info.plist";
				LD_RUNPATH_SEARCH_PATHS = "$(inherited) @executable_path/Frameworks @loader_path/Frameworks";
				PRODUCT_BUNDLE_IDENTIFIER = "com.sai.Demo-ProjectUITests";
				PRODUCT_NAME = "$(TARGET_NAME)";
				SWIFT_VERSION = 4.0;
				TARGETED_DEVICE_FAMILY = "1,2";
				TEST_TARGET_NAME = "Demo Project";
			};
			name = Debug;
		};
		6B02AE18207688A600791C81 /* Release */ = {
			isa = XCBuildConfiguration;
			buildSettings = {
				ALWAYS_EMBED_SWIFT_STANDARD_LIBRARIES = YES;
				CODE_SIGN_STYLE = Automatic;
				DEVELOPMENT_TEAM = SYR8XBG5Y8;
				INFOPLIST_FILE = "Demo ProjectUITests/Info.plist";
				LD_RUNPATH_SEARCH_PATHS = "$(inherited) @executable_path/Frameworks @loader_path/Frameworks";
				PRODUCT_BUNDLE_IDENTIFIER = "com.sai.Demo-ProjectUITests";
				PRODUCT_NAME = "$(TARGET_NAME)";
				SWIFT_VERSION = 4.0;
				TARGETED_DEVICE_FAMILY = "1,2";
				TEST_TARGET_NAME = "Demo Project";
			};
			name = Release;
		};
/* End XCBuildConfiguration section */

/* Begin XCConfigurationList section */
		6B02ADE0207688A500791C81 /* Build configuration list for PBXProject "Demo Project" */ = {
			isa = XCConfigurationList;
			buildConfigurations = (
				6B02AE0E207688A600791C81 /* Debug */,
				6B02AE0F207688A600791C81 /* Release */,
			);
			defaultConfigurationIsVisible = 0;
			defaultConfigurationName = Release;
		};
		6B02AE10207688A600791C81 /* Build configuration list for PBXNativeTarget "Demo Project" */ = {
			isa = XCConfigurationList;
			buildConfigurations = (
				6B02AE11207688A600791C81 /* Debug */,
				6B02AE12207688A600791C81 /* Release */,
			);
			defaultConfigurationIsVisible = 0;
			defaultConfigurationName = Release;
		};
		6B02AE13207688A600791C81 /* Build configuration list for PBXNativeTarget "Demo ProjectTests" */ = {
			isa = XCConfigurationList;
			buildConfigurations = (
				6B02AE14207688A600791C81 /* Debug */,
				6B02AE15207688A600791C81 /* Release */,
			);
			defaultConfigurationIsVisible = 0;
			defaultConfigurationName = Release;
		};
		6B02AE16207688A600791C81 /* Build configuration list for PBXNativeTarget "Demo ProjectUITests" */ = {
			isa = XCConfigurationList;
			buildConfigurations = (
				6B02AE17207688A600791C81 /* Debug */,
				6B02AE18207688A600791C81 /* Release */,
			);
			defaultConfigurationIsVisible = 0;
			defaultConfigurationName = Release;
		};
/* End XCConfigurationList section */

/* Begin XCVersionGroup section */
		6B02ADEF207688A500791C81 /* Demo_Project.xcdatamodeld */ = {
			isa = XCVersionGroup;
			children = (
				6B02ADF0207688A500791C81 /* Demo_Project.xcdatamodel */,
			);
			currentVersion = 6B02ADF0207688A500791C81 /* Demo_Project.xcdatamodel */;
			path = Demo_Project.xcdatamodeld;
			sourceTree = "<group>";
			versionGroupType = wrapper.xcdatamodel;
		};
/* End XCVersionGroup section */
	};
	rootObject = 6B02ADDD207688A500791C81 /* Project object */;
}
